// !$*UTF8*$!
{
	archiveVersion = 1;
	classes = {
	};
	objectVersion = 56;
	objects = {

/* Begin PBXBuildFile section */
		5808FEC42AFE9EED009C7C9A /* ExampleApp.swift in Sources */ = {isa = PBXBuildFile; fileRef = 5808FEC32AFE9EED009C7C9A /* ExampleApp.swift */; };
		5808FEC62AFE9EED009C7C9A /* ContentView.swift in Sources */ = {isa = PBXBuildFile; fileRef = 5808FEC52AFE9EED009C7C9A /* ContentView.swift */; };
		5808FEC82AFE9EEE009C7C9A /* Assets.xcassets in Resources */ = {isa = PBXBuildFile; fileRef = 5808FEC72AFE9EEE009C7C9A /* Assets.xcassets */; };
		5808FECB2AFE9EEE009C7C9A /* Preview Assets.xcassets in Resources */ = {isa = PBXBuildFile; fileRef = 5808FECA2AFE9EEE009C7C9A /* Preview Assets.xcassets */; };
		5808FED52AFE9EEF009C7C9A /* ExampleTests.swift in Sources */ = {isa = PBXBuildFile; fileRef = 5808FED42AFE9EEF009C7C9A /* ExampleTests.swift */; };
		5808FEDF2AFE9EEF009C7C9A /* ExampleUITests.swift in Sources */ = {isa = PBXBuildFile; fileRef = 5808FEDE2AFE9EEF009C7C9A /* ExampleUITests.swift */; };
		5808FEE12AFE9EEF009C7C9A /* ExampleUITestsLaunchTests.swift in Sources */ = {isa = PBXBuildFile; fileRef = 5808FEE02AFE9EEF009C7C9A /* ExampleUITestsLaunchTests.swift */; };
		5808FEEF2AFE9F11009C7C9A /* RatioHorizonalStack in Frameworks */ = {isa = PBXBuildFile; productRef = 5808FEEE2AFE9F11009C7C9A /* RatioHorizonalStack */; };
/* End PBXBuildFile section */

/* Begin PBXContainerItemProxy section */
		5808FED12AFE9EEF009C7C9A /* PBXContainerItemProxy */ = {
			isa = PBXContainerItemProxy;
			containerPortal = 5808FEB82AFE9EED009C7C9A /* Project object */;
			proxyType = 1;
			remoteGlobalIDString = 5808FEBF2AFE9EED009C7C9A;
			remoteInfo = Example;
		};
		5808FEDB2AFE9EEF009C7C9A /* PBXContainerItemProxy */ = {
			isa = PBXContainerItemProxy;
			containerPortal = 5808FEB82AFE9EED009C7C9A /* Project object */;
			proxyType = 1;
			remoteGlobalIDString = 5808FEBF2AFE9EED009C7C9A;
			remoteInfo = Example;
		};
/* End PBXContainerItemProxy section */

/* Begin PBXFileReference section */
		5808FEC02AFE9EED009C7C9A /* Example.app */ = {isa = PBXFileReference; explicitFileType = wrapper.application; includeInIndex = 0; path = Example.app; sourceTree = BUILT_PRODUCTS_DIR; };
		5808FEC32AFE9EED009C7C9A /* ExampleApp.swift */ = {isa = PBXFileReference; lastKnownFileType = sourcecode.swift; path = ExampleApp.swift; sourceTree = "<group>"; };
		5808FEC52AFE9EED009C7C9A /* ContentView.swift */ = {isa = PBXFileReference; lastKnownFileType = sourcecode.swift; path = ContentView.swift; sourceTree = "<group>"; };
		5808FEC72AFE9EEE009C7C9A /* Assets.xcassets */ = {isa = PBXFileReference; lastKnownFileType = folder.assetcatalog; path = Assets.xcassets; sourceTree = "<group>"; };
		5808FECA2AFE9EEE009C7C9A /* Preview Assets.xcassets */ = {isa = PBXFileReference; lastKnownFileType = folder.assetcatalog; path = "Preview Assets.xcassets"; sourceTree = "<group>"; };
		5808FED02AFE9EEF009C7C9A /* ExampleTests.xctest */ = {isa = PBXFileReference; explicitFileType = wrapper.cfbundle; includeInIndex = 0; path = ExampleTests.xctest; sourceTree = BUILT_PRODUCTS_DIR; };
		5808FED42AFE9EEF009C7C9A /* ExampleTests.swift */ = {isa = PBXFileReference; lastKnownFileType = sourcecode.swift; path = ExampleTests.swift; sourceTree = "<group>"; };
		5808FEDA2AFE9EEF009C7C9A /* ExampleUITests.xctest */ = {isa = PBXFileReference; explicitFileType = wrapper.cfbundle; includeInIndex = 0; path = ExampleUITests.xctest; sourceTree = BUILT_PRODUCTS_DIR; };
		5808FEDE2AFE9EEF009C7C9A /* ExampleUITests.swift */ = {isa = PBXFileReference; lastKnownFileType = sourcecode.swift; path = ExampleUITests.swift; sourceTree = "<group>"; };
		5808FEE02AFE9EEF009C7C9A /* ExampleUITestsLaunchTests.swift */ = {isa = PBXFileReference; lastKnownFileType = sourcecode.swift; path = ExampleUITestsLaunchTests.swift; sourceTree = "<group>"; };
/* End PBXFileReference section */

/* Begin PBXFrameworksBuildPhase section */
		5808FEBD2AFE9EED009C7C9A /* Frameworks */ = {
			isa = PBXFrameworksBuildPhase;
			buildActionMask = 2147483647;
			files = (
				5808FEEF2AFE9F11009C7C9A /* RatioHorizonalStack in Frameworks */,
			);
			runOnlyForDeploymentPostprocessing = 0;
		};
		5808FECD2AFE9EEF009C7C9A /* Frameworks */ = {
			isa = PBXFrameworksBuildPhase;
			buildActionMask = 2147483647;
			files = (
			);
			runOnlyForDeploymentPostprocessing = 0;
		};
		5808FED72AFE9EEF009C7C9A /* Frameworks */ = {
			isa = PBXFrameworksBuildPhase;
			buildActionMask = 2147483647;
			files = (
			);
			runOnlyForDeploymentPostprocessing = 0;
		};
/* End PBXFrameworksBuildPhase section */

/* Begin PBXGroup section */
		5808FEB72AFE9EED009C7C9A = {
			isa = PBXGroup;
			children = (
				5808FEC22AFE9EED009C7C9A /* Example */,
				5808FED32AFE9EEF009C7C9A /* ExampleTests */,
				5808FEDD2AFE9EEF009C7C9A /* ExampleUITests */,
				5808FEC12AFE9EED009C7C9A /* Products */,
			);
			sourceTree = "<group>";
		};
		5808FEC12AFE9EED009C7C9A /* Products */ = {
			isa = PBXGroup;
			children = (
				5808FEC02AFE9EED009C7C9A /* Example.app */,
				5808FED02AFE9EEF009C7C9A /* ExampleTests.xctest */,
				5808FEDA2AFE9EEF009C7C9A /* ExampleUITests.xctest */,
			);
			name = Products;
			sourceTree = "<group>";
		};
		5808FEC22AFE9EED009C7C9A /* Example */ = {
			isa = PBXGroup;
			children = (
				5808FEC32AFE9EED009C7C9A /* ExampleApp.swift */,
				5808FEC52AFE9EED009C7C9A /* ContentView.swift */,
				5808FEC72AFE9EEE009C7C9A /* Assets.xcassets */,
				5808FEC92AFE9EEE009C7C9A /* Preview Content */,
			);
			path = Example;
			sourceTree = "<group>";
		};
		5808FEC92AFE9EEE009C7C9A /* Preview Content */ = {
			isa = PBXGroup;
			children = (
				5808FECA2AFE9EEE009C7C9A /* Preview Assets.xcassets */,
			);
			path = "Preview Content";
			sourceTree = "<group>";
		};
		5808FED32AFE9EEF009C7C9A /* ExampleTests */ = {
			isa = PBXGroup;
			children = (
				5808FED42AFE9EEF009C7C9A /* ExampleTests.swift */,
			);
			path = ExampleTests;
			sourceTree = "<group>";
		};
		5808FEDD2AFE9EEF009C7C9A /* ExampleUITests */ = {
			isa = PBXGroup;
			children = (
				5808FEDE2AFE9EEF009C7C9A /* ExampleUITests.swift */,
				5808FEE02AFE9EEF009C7C9A /* ExampleUITestsLaunchTests.swift */,
			);
			path = ExampleUITests;
			sourceTree = "<group>";
		};
/* End PBXGroup section */

/* Begin PBXNativeTarget section */
		5808FEBF2AFE9EED009C7C9A /* Example */ = {
			isa = PBXNativeTarget;
			buildConfigurationList = 5808FEE42AFE9EEF009C7C9A /* Build configuration list for PBXNativeTarget "Example" */;
			buildPhases = (
				5808FEBC2AFE9EED009C7C9A /* Sources */,
				5808FEBD2AFE9EED009C7C9A /* Frameworks */,
				5808FEBE2AFE9EED009C7C9A /* Resources */,
			);
			buildRules = (
			);
			dependencies = (
			);
			name = Example;
			packageProductDependencies = (
				5808FEEE2AFE9F11009C7C9A /* RatioHorizonalStack */,
			);
			productName = Example;
			productReference = 5808FEC02AFE9EED009C7C9A /* Example.app */;
			productType = "com.apple.product-type.application";
		};
		5808FECF2AFE9EEF009C7C9A /* ExampleTests */ = {
			isa = PBXNativeTarget;
			buildConfigurationList = 5808FEE72AFE9EEF009C7C9A /* Build configuration list for PBXNativeTarget "ExampleTests" */;
			buildPhases = (
				5808FECC2AFE9EEF009C7C9A /* Sources */,
				5808FECD2AFE9EEF009C7C9A /* Frameworks */,
				5808FECE2AFE9EEF009C7C9A /* Resources */,
			);
			buildRules = (
			);
			dependencies = (
				5808FED22AFE9EEF009C7C9A /* PBXTargetDependency */,
			);
			name = ExampleTests;
			productName = ExampleTests;
			productReference = 5808FED02AFE9EEF009C7C9A /* ExampleTests.xctest */;
			productType = "com.apple.product-type.bundle.unit-test";
		};
		5808FED92AFE9EEF009C7C9A /* ExampleUITests */ = {
			isa = PBXNativeTarget;
			buildConfigurationList = 5808FEEA2AFE9EEF009C7C9A /* Build configuration list for PBXNativeTarget "ExampleUITests" */;
			buildPhases = (
				5808FED62AFE9EEF009C7C9A /* Sources */,
				5808FED72AFE9EEF009C7C9A /* Frameworks */,
				5808FED82AFE9EEF009C7C9A /* Resources */,
			);
			buildRules = (
			);
			dependencies = (
				5808FEDC2AFE9EEF009C7C9A /* PBXTargetDependency */,
			);
			name = ExampleUITests;
			productName = ExampleUITests;
			productReference = 5808FEDA2AFE9EEF009C7C9A /* ExampleUITests.xctest */;
			productType = "com.apple.product-type.bundle.ui-testing";
		};
/* End PBXNativeTarget section */

/* Begin PBXProject section */
		5808FEB82AFE9EED009C7C9A /* Project object */ = {
			isa = PBXProject;
			attributes = {
				BuildIndependentTargetsInParallel = 1;
				LastSwiftUpdateCheck = 1500;
				LastUpgradeCheck = 1500;
				TargetAttributes = {
					5808FEBF2AFE9EED009C7C9A = {
						CreatedOnToolsVersion = 15.0;
					};
					5808FECF2AFE9EEF009C7C9A = {
						CreatedOnToolsVersion = 15.0;
						TestTargetID = 5808FEBF2AFE9EED009C7C9A;
					};
					5808FED92AFE9EEF009C7C9A = {
						CreatedOnToolsVersion = 15.0;
						TestTargetID = 5808FEBF2AFE9EED009C7C9A;
					};
				};
			};
			buildConfigurationList = 5808FEBB2AFE9EED009C7C9A /* Build configuration list for PBXProject "Example" */;
			compatibilityVersion = "Xcode 14.0";
			developmentRegion = en;
			hasScannedForEncodings = 0;
			knownRegions = (
				en,
				Base,
			);
			mainGroup = 5808FEB72AFE9EED009C7C9A;
			packageReferences = (
				5808FEED2AFE9F11009C7C9A /* XCRemoteSwiftPackageReference "RatioHorizonalStack" */,
			);
			productRefGroup = 5808FEC12AFE9EED009C7C9A /* Products */;
			projectDirPath = "";
			projectRoot = "";
			targets = (
				5808FEBF2AFE9EED009C7C9A /* Example */,
				5808FECF2AFE9EEF009C7C9A /* ExampleTests */,
				5808FED92AFE9EEF009C7C9A /* ExampleUITests */,
			);
		};
/* End PBXProject section */

/* Begin PBXResourcesBuildPhase section */
		5808FEBE2AFE9EED009C7C9A /* Resources */ = {
			isa = PBXResourcesBuildPhase;
			buildActionMask = 2147483647;
			files = (
				5808FECB2AFE9EEE009C7C9A /* Preview Assets.xcassets in Resources */,
				5808FEC82AFE9EEE009C7C9A /* Assets.xcassets in Resources */,
			);
			runOnlyForDeploymentPostprocessing = 0;
		};
		5808FECE2AFE9EEF009C7C9A /* Resources */ = {
			isa = PBXResourcesBuildPhase;
			buildActionMask = 2147483647;
			files = (
			);
			runOnlyForDeploymentPostprocessing = 0;
		};
		5808FED82AFE9EEF009C7C9A /* Resources */ = {
			isa = PBXResourcesBuildPhase;
			buildActionMask = 2147483647;
			files = (
			);
			runOnlyForDeploymentPostprocessing = 0;
		};
/* End PBXResourcesBuildPhase section */

/* Begin PBXSourcesBuildPhase section */
		5808FEBC2AFE9EED009C7C9A /* Sources */ = {
			isa = PBXSourcesBuildPhase;
			buildActionMask = 2147483647;
			files = (
				5808FEC62AFE9EED009C7C9A /* ContentView.swift in Sources */,
				5808FEC42AFE9EED009C7C9A /* ExampleApp.swift in Sources */,
			);
			runOnlyForDeploymentPostprocessing = 0;
		};
		5808FECC2AFE9EEF009C7C9A /* Sources */ = {
			isa = PBXSourcesBuildPhase;
			buildActionMask = 2147483647;
			files = (
				5808FED52AFE9EEF009C7C9A /* ExampleTests.swift in Sources */,
			);
			runOnlyForDeploymentPostprocessing = 0;
		};
		5808FED62AFE9EEF009C7C9A /* Sources */ = {
			isa = PBXSourcesBuildPhase;
			buildActionMask = 2147483647;
			files = (
				5808FEDF2AFE9EEF009C7C9A /* ExampleUITests.swift in Sources */,
				5808FEE12AFE9EEF009C7C9A /* ExampleUITestsLaunchTests.swift in Sources */,
			);
			runOnlyForDeploymentPostprocessing = 0;
		};
/* End PBXSourcesBuildPhase section */

/* Begin PBXTargetDependency section */
		5808FED22AFE9EEF009C7C9A /* PBXTargetDependency */ = {
			isa = PBXTargetDependency;
			target = 5808FEBF2AFE9EED009C7C9A /* Example */;
			targetProxy = 5808FED12AFE9EEF009C7C9A /* PBXContainerItemProxy */;
		};
		5808FEDC2AFE9EEF009C7C9A /* PBXTargetDependency */ = {
			isa = PBXTargetDependency;
			target = 5808FEBF2AFE9EED009C7C9A /* Example */;
			targetProxy = 5808FEDB2AFE9EEF009C7C9A /* PBXContainerItemProxy */;
		};
/* End PBXTargetDependency section */

/* Begin XCBuildConfiguration section */
		5808FEE22AFE9EEF009C7C9A /* Debug */ = {
			isa = XCBuildConfiguration;
			buildSettings = {
				ALWAYS_SEARCH_USER_PATHS = NO;
				ASSETCATALOG_COMPILER_GENERATE_SWIFT_ASSET_SYMBOL_EXTENSIONS = YES;
				CLANG_ANALYZER_NONNULL = YES;
				CLANG_ANALYZER_NUMBER_OBJECT_CONVERSION = YES_AGGRESSIVE;
				CLANG_CXX_LANGUAGE_STANDARD = "gnu++20";
				CLANG_ENABLE_MODULES = YES;
				CLANG_ENABLE_OBJC_ARC = YES;
				CLANG_ENABLE_OBJC_WEAK = YES;
				CLANG_WARN_BLOCK_CAPTURE_AUTORELEASING = YES;
				CLANG_WARN_BOOL_CONVERSION = YES;
				CLANG_WARN_COMMA = YES;
				CLANG_WARN_CONSTANT_CONVERSION = YES;
				CLANG_WARN_DEPRECATED_OBJC_IMPLEMENTATIONS = YES;
				CLANG_WARN_DIRECT_OBJC_ISA_USAGE = YES_ERROR;
				CLANG_WARN_DOCUMENTATION_COMMENTS = YES;
				CLANG_WARN_EMPTY_BODY = YES;
				CLANG_WARN_ENUM_CONVERSION = YES;
				CLANG_WARN_INFINITE_RECURSION = YES;
				CLANG_WARN_INT_CONVERSION = YES;
				CLANG_WARN_NON_LITERAL_NULL_CONVERSION = YES;
				CLANG_WARN_OBJC_IMPLICIT_RETAIN_SELF = YES;
				CLANG_WARN_OBJC_LITERAL_CONVERSION = YES;
				CLANG_WARN_OBJC_ROOT_CLASS = YES_ERROR;
				CLANG_WARN_QUOTED_INCLUDE_IN_FRAMEWORK_HEADER = YES;
				CLANG_WARN_RANGE_LOOP_ANALYSIS = YES;
				CLANG_WARN_STRICT_PROTOTYPES = YES;
				CLANG_WARN_SUSPICIOUS_MOVE = YES;
				CLANG_WARN_UNGUARDED_AVAILABILITY = YES_AGGRESSIVE;
				CLANG_WARN_UNREACHABLE_CODE = YES;
				CLANG_WARN__DUPLICATE_METHOD_MATCH = YES;
				COPY_PHASE_STRIP = NO;
				DEBUG_INFORMATION_FORMAT = dwarf;
				ENABLE_STRICT_OBJC_MSGSEND = YES;
				ENABLE_TESTABILITY = YES;
				ENABLE_USER_SCRIPT_SANDBOXING = YES;
				GCC_C_LANGUAGE_STANDARD = gnu17;
				GCC_DYNAMIC_NO_PIC = NO;
				GCC_NO_COMMON_BLOCKS = YES;
				GCC_OPTIMIZATION_LEVEL = 0;
				GCC_PREPROCESSOR_DEFINITIONS = (
					"DEBUG=1",
					"$(inherited)",
				);
				GCC_WARN_64_TO_32_BIT_CONVERSION = YES;
				GCC_WARN_ABOUT_RETURN_TYPE = YES_ERROR;
				GCC_WARN_UNDECLARED_SELECTOR = YES;
				GCC_WARN_UNINITIALIZED_AUTOS = YES_AGGRESSIVE;
				GCC_WARN_UNUSED_FUNCTION = YES;
				GCC_WARN_UNUSED_VARIABLE = YES;
				IPHONEOS_DEPLOYMENT_TARGET = 17.0;
				LOCALIZATION_PREFERS_STRING_CATALOGS = YES;
				MTL_ENABLE_DEBUG_INFO = INCLUDE_SOURCE;
				MTL_FAST_MATH = YES;
				ONLY_ACTIVE_ARCH = YES;
				SDKROOT = iphoneos;
				SWIFT_ACTIVE_COMPILATION_CONDITIONS = "DEBUG $(inherited)";
				SWIFT_OPTIMIZATION_LEVEL = "-Onone";
			};
			name = Debug;
		};
		5808FEE32AFE9EEF009C7C9A /* Release */ = {
			isa = XCBuildConfiguration;
			buildSettings = {
				ALWAYS_SEARCH_USER_PATHS = NO;
				ASSETCATALOG_COMPILER_GENERATE_SWIFT_ASSET_SYMBOL_EXTENSIONS = YES;
				CLANG_ANALYZER_NONNULL = YES;
				CLANG_ANALYZER_NUMBER_OBJECT_CONVERSION = YES_AGGRESSIVE;
				CLANG_CXX_LANGUAGE_STANDARD = "gnu++20";
				CLANG_ENABLE_MODULES = YES;
				CLANG_ENABLE_OBJC_ARC = YES;
				CLANG_ENABLE_OBJC_WEAK = YES;
				CLANG_WARN_BLOCK_CAPTURE_AUTORELEASING = YES;
				CLANG_WARN_BOOL_CONVERSION = YES;
				CLANG_WARN_COMMA = YES;
				CLANG_WARN_CONSTANT_CONVERSION = YES;
				CLANG_WARN_DEPRECATED_OBJC_IMPLEMENTATIONS = YES;
				CLANG_WARN_DIRECT_OBJC_ISA_USAGE = YES_ERROR;
				CLANG_WARN_DOCUMENTATION_COMMENTS = YES;
				CLANG_WARN_EMPTY_BODY = YES;
				CLANG_WARN_ENUM_CONVERSION = YES;
				CLANG_WARN_INFINITE_RECURSION = YES;
				CLANG_WARN_INT_CONVERSION = YES;
				CLANG_WARN_NON_LITERAL_NULL_CONVERSION = YES;
				CLANG_WARN_OBJC_IMPLICIT_RETAIN_SELF = YES;
				CLANG_WARN_OBJC_LITERAL_CONVERSION = YES;
				CLANG_WARN_OBJC_ROOT_CLASS = YES_ERROR;
				CLANG_WARN_QUOTED_INCLUDE_IN_FRAMEWORK_HEADER = YES;
				CLANG_WARN_RANGE_LOOP_ANALYSIS = YES;
				CLANG_WARN_STRICT_PROTOTYPES = YES;
				CLANG_WARN_SUSPICIOUS_MOVE = YES;
				CLANG_WARN_UNGUARDED_AVAILABILITY = YES_AGGRESSIVE;
				CLANG_WARN_UNREACHABLE_CODE = YES;
				CLANG_WARN__DUPLICATE_METHOD_MATCH = YES;
				COPY_PHASE_STRIP = NO;
				DEBUG_INFORMATION_FORMAT = "dwarf-with-dsym";
				ENABLE_NS_ASSERTIONS = NO;
				ENABLE_STRICT_OBJC_MSGSEND = YES;
				ENABLE_USER_SCRIPT_SANDBOXING = YES;
				GCC_C_LANGUAGE_STANDARD = gnu17;
				GCC_NO_COMMON_BLOCKS = YES;
				GCC_WARN_64_TO_32_BIT_CONVERSION = YES;
				GCC_WARN_ABOUT_RETURN_TYPE = YES_ERROR;
				GCC_WARN_UNDECLARED_SELECTOR = YES;
				GCC_WARN_UNINITIALIZED_AUTOS = YES_AGGRESSIVE;
				GCC_WARN_UNUSED_FUNCTION = YES;
				GCC_WARN_UNUSED_VARIABLE = YES;
				IPHONEOS_DEPLOYMENT_TARGET = 17.0;
				LOCALIZATION_PREFERS_STRING_CATALOGS = YES;
				MTL_ENABLE_DEBUG_INFO = NO;
				MTL_FAST_MATH = YES;
				SDKROOT = iphoneos;
				SWIFT_COMPILATION_MODE = wholemodule;
				VALIDATE_PRODUCT = YES;
			};
			name = Release;
		};
		5808FEE52AFE9EEF009C7C9A /* Debug */ = {
			isa = XCBuildConfiguration;
			buildSettings = {
				ASSETCATALOG_COMPILER_APPICON_NAME = AppIcon;
				ASSETCATALOG_COMPILER_GLOBAL_ACCENT_COLOR_NAME = AccentColor;
				CODE_SIGN_STYLE = Automatic;
				CURRENT_PROJECT_VERSION = 1;
				DEVELOPMENT_ASSET_PATHS = "\"Example/Preview Content\"";
				ENABLE_PREVIEWS = YES;
				GENERATE_INFOPLIST_FILE = YES;
				INFOPLIST_KEY_UIApplicationSceneManifest_Generation = YES;
				INFOPLIST_KEY_UIApplicationSupportsIndirectInputEvents = YES;
				INFOPLIST_KEY_UILaunchScreen_Generation = YES;
				INFOPLIST_KEY_UISupportedInterfaceOrientations_iPad = "UIInterfaceOrientationPortrait UIInterfaceOrientationPortraitUpsideDown UIInterfaceOrientationLandscapeLeft UIInterfaceOrientationLandscapeRight";
				INFOPLIST_KEY_UISupportedInterfaceOrientations_iPhone = "UIInterfaceOrientationPortrait UIInterfaceOrientationLandscapeLeft UIInterfaceOrientationLandscapeRight";
				LD_RUNPATH_SEARCH_PATHS = (
					"$(inherited)",
					"@executable_path/Frameworks",
				);
				MARKETING_VERSION = 1.0;
				PRODUCT_BUNDLE_IDENTIFIER = hu.example.ratio.horizontal.stack.Example;
				PRODUCT_NAME = "$(TARGET_NAME)";
				SWIFT_EMIT_LOC_STRINGS = YES;
				SWIFT_VERSION = 5.0;
				TARGETED_DEVICE_FAMILY = "1,2";
			};
			name = Debug;
		};
		5808FEE62AFE9EEF009C7C9A /* Release */ = {
			isa = XCBuildConfiguration;
			buildSettings = {
				ASSETCATALOG_COMPILER_APPICON_NAME = AppIcon;
				ASSETCATALOG_COMPILER_GLOBAL_ACCENT_COLOR_NAME = AccentColor;
				CODE_SIGN_STYLE = Automatic;
				CURRENT_PROJECT_VERSION = 1;
				DEVELOPMENT_ASSET_PATHS = "\"Example/Preview Content\"";
				ENABLE_PREVIEWS = YES;
				GENERATE_INFOPLIST_FILE = YES;
				INFOPLIST_KEY_UIApplicationSceneManifest_Generation = YES;
				INFOPLIST_KEY_UIApplicationSupportsIndirectInputEvents = YES;
				INFOPLIST_KEY_UILaunchScreen_Generation = YES;
				INFOPLIST_KEY_UISupportedInterfaceOrientations_iPad = "UIInterfaceOrientationPortrait UIInterfaceOrientationPortraitUpsideDown UIInterfaceOrientationLandscapeLeft UIInterfaceOrientationLandscapeRight";
				INFOPLIST_KEY_UISupportedInterfaceOrientations_iPhone = "UIInterfaceOrientationPortrait UIInterfaceOrientationLandscapeLeft UIInterfaceOrientationLandscapeRight";
				LD_RUNPATH_SEARCH_PATHS = (
					"$(inherited)",
					"@executable_path/Frameworks",
				);
				MARKETING_VERSION = 1.0;
				PRODUCT_BUNDLE_IDENTIFIER = hu.example.ratio.horizontal.stack.Example;
				PRODUCT_NAME = "$(TARGET_NAME)";
				SWIFT_EMIT_LOC_STRINGS = YES;
				SWIFT_VERSION = 5.0;
				TARGETED_DEVICE_FAMILY = "1,2";
			};
			name = Release;
		};
		5808FEE82AFE9EEF009C7C9A /* Debug */ = {
			isa = XCBuildConfiguration;
			buildSettings = {
				ALWAYS_EMBED_SWIFT_STANDARD_LIBRARIES = YES;
				BUNDLE_LOADER = "$(TEST_HOST)";
				CODE_SIGN_STYLE = Automatic;
				CURRENT_PROJECT_VERSION = 1;
				GENERATE_INFOPLIST_FILE = YES;
				IPHONEOS_DEPLOYMENT_TARGET = 17.0;
				MARKETING_VERSION = 1.0;
				PRODUCT_BUNDLE_IDENTIFIER = hu.example.ratio.horizontal.stack.ExampleTests;
				PRODUCT_NAME = "$(TARGET_NAME)";
				SWIFT_EMIT_LOC_STRINGS = NO;
				SWIFT_VERSION = 5.0;
				TARGETED_DEVICE_FAMILY = "1,2";
				TEST_HOST = "$(BUILT_PRODUCTS_DIR)/Example.app/$(BUNDLE_EXECUTABLE_FOLDER_PATH)/Example";
			};
			name = Debug;
		};
		5808FEE92AFE9EEF009C7C9A /* Release */ = {
			isa = XCBuildConfiguration;
			buildSettings = {
				ALWAYS_EMBED_SWIFT_STANDARD_LIBRARIES = YES;
				BUNDLE_LOADER = "$(TEST_HOST)";
				CODE_SIGN_STYLE = Automatic;
				CURRENT_PROJECT_VERSION = 1;
				GENERATE_INFOPLIST_FILE = YES;
				IPHONEOS_DEPLOYMENT_TARGET = 17.0;
				MARKETING_VERSION = 1.0;
				PRODUCT_BUNDLE_IDENTIFIER = hu.example.ratio.horizontal.stack.ExampleTests;
				PRODUCT_NAME = "$(TARGET_NAME)";
				SWIFT_EMIT_LOC_STRINGS = NO;
				SWIFT_VERSION = 5.0;
				TARGETED_DEVICE_FAMILY = "1,2";
				TEST_HOST = "$(BUILT_PRODUCTS_DIR)/Example.app/$(BUNDLE_EXECUTABLE_FOLDER_PATH)/Example";
			};
			name = Release;
		};
		5808FEEB2AFE9EEF009C7C9A /* Debug */ = {
			isa = XCBuildConfiguration;
			buildSettings = {
				ALWAYS_EMBED_SWIFT_STANDARD_LIBRARIES = YES;
				CODE_SIGN_STYLE = Automatic;
				CURRENT_PROJECT_VERSION = 1;
				GENERATE_INFOPLIST_FILE = YES;
				MARKETING_VERSION = 1.0;
				PRODUCT_BUNDLE_IDENTIFIER = hu.example.ratio.horizontal.stack.ExampleUITests;
				PRODUCT_NAME = "$(TARGET_NAME)";
				SWIFT_EMIT_LOC_STRINGS = NO;
				SWIFT_VERSION = 5.0;
				TARGETED_DEVICE_FAMILY = "1,2";
				TEST_TARGET_NAME = Example;
			};
			name = Debug;
		};
		5808FEEC2AFE9EEF009C7C9A /* Release */ = {
			isa = XCBuildConfiguration;
			buildSettings = {
				ALWAYS_EMBED_SWIFT_STANDARD_LIBRARIES = YES;
				CODE_SIGN_STYLE = Automatic;
				CURRENT_PROJECT_VERSION = 1;
				GENERATE_INFOPLIST_FILE = YES;
				MARKETING_VERSION = 1.0;
				PRODUCT_BUNDLE_IDENTIFIER = hu.example.ratio.horizontal.stack.ExampleUITests;
				PRODUCT_NAME = "$(TARGET_NAME)";
				SWIFT_EMIT_LOC_STRINGS = NO;
				SWIFT_VERSION = 5.0;
				TARGETED_DEVICE_FAMILY = "1,2";
				TEST_TARGET_NAME = Example;
			};
			name = Release;
		};
/* End XCBuildConfiguration section */

/* Begin XCConfigurationList section */
		5808FEBB2AFE9EED009C7C9A /* Build configuration list for PBXProject "Example" */ = {
			isa = XCConfigurationList;
			buildConfigurations = (
				5808FEE22AFE9EEF009C7C9A /* Debug */,
				5808FEE32AFE9EEF009C7C9A /* Release */,
			);
			defaultConfigurationIsVisible = 0;
			defaultConfigurationName = Release;
		};
		5808FEE42AFE9EEF009C7C9A /* Build configuration list for PBXNativeTarget "Example" */ = {
			isa = XCConfigurationList;
			buildConfigurations = (
				5808FEE52AFE9EEF009C7C9A /* Debug */,
				5808FEE62AFE9EEF009C7C9A /* Release */,
			);
			defaultConfigurationIsVisible = 0;
			defaultConfigurationName = Release;
		};
		5808FEE72AFE9EEF009C7C9A /* Build configuration list for PBXNativeTarget "ExampleTests" */ = {
			isa = XCConfigurationList;
			buildConfigurations = (
				5808FEE82AFE9EEF009C7C9A /* Debug */,
				5808FEE92AFE9EEF009C7C9A /* Release */,
			);
			defaultConfigurationIsVisible = 0;
			defaultConfigurationName = Release;
		};
		5808FEEA2AFE9EEF009C7C9A /* Build configuration list for PBXNativeTarget "ExampleUITests" */ = {
			isa = XCConfigurationList;
			buildConfigurations = (
				5808FEEB2AFE9EEF009C7C9A /* Debug */,
				5808FEEC2AFE9EEF009C7C9A /* Release */,
			);
			defaultConfigurationIsVisible = 0;
			defaultConfigurationName = Release;
		};
/* End XCConfigurationList section */

/* Begin XCRemoteSwiftPackageReference section */
		5808FEED2AFE9F11009C7C9A /* XCRemoteSwiftPackageReference "RatioHorizonalStack" */ = {
			isa = XCRemoteSwiftPackageReference;
			repositoryURL = "https://github.com/stateman92/RatioHorizonalStack";
			requirement = {
				kind = exactVersion;
				version = 0.0.3;
			};
		};
/* End XCRemoteSwiftPackageReference section */

/* Begin XCSwiftPackageProductDependency section */
		5808FEEE2AFE9F11009C7C9A /* RatioHorizonalStack */ = {
			isa = XCSwiftPackageProductDependency;
			package = 5808FEED2AFE9F11009C7C9A /* XCRemoteSwiftPackageReference "RatioHorizonalStack" */;
			productName = RatioHorizonalStack;
		};
/* End XCSwiftPackageProductDependency section */
	};
	rootObject = 5808FEB82AFE9EED009C7C9A /* Project object */;
}
